// !$*UTF8*$!
{
	archiveVersion = 1;
	classes = {
	};
	objectVersion = 46;
	objects = {

/* Begin PBXBuildFile section */
		854E7EBF1BD75A0800DD2BC4 /* AppDelegate.swift in Sources */ = {isa = PBXBuildFile; fileRef = 854E7EBE1BD75A0800DD2BC4 /* AppDelegate.swift */; };
		854E7EC11BD75A0800DD2BC4 /* ViewController.swift in Sources */ = {isa = PBXBuildFile; fileRef = 854E7EC01BD75A0800DD2BC4 /* ViewController.swift */; };
		854E7EC41BD75A0800DD2BC4 /* Main.storyboard in Resources */ = {isa = PBXBuildFile; fileRef = 854E7EC21BD75A0800DD2BC4 /* Main.storyboard */; };
		854E7EC61BD75A0800DD2BC4 /* Assets.xcassets in Resources */ = {isa = PBXBuildFile; fileRef = 854E7EC51BD75A0800DD2BC4 /* Assets.xcassets */; };
		854E7EC91BD75A0800DD2BC4 /* LaunchScreen.storyboard in Resources */ = {isa = PBXBuildFile; fileRef = 854E7EC71BD75A0800DD2BC4 /* LaunchScreen.storyboard */; };
/* End PBXBuildFile section */

/* Begin PBXFileReference section */
		854E7EBB1BD75A0800DD2BC4 /* SimpleCalc-iOSVersion.app */ = {isa = PBXFileReference; explicitFileType = wrapper.application; includeInIndex = 0; path = "SimpleCalc-iOSVersion.app"; sourceTree = BUILT_PRODUCTS_DIR; };
		854E7EBE1BD75A0800DD2BC4 /* AppDelegate.swift */ = {isa = PBXFileReference; lastKnownFileType = sourcecode.swift; path = AppDelegate.swift; sourceTree = "<group>"; };
		854E7EC01BD75A0800DD2BC4 /* ViewController.swift */ = {isa = PBXFileReference; lastKnownFileType = sourcecode.swift; path = ViewController.swift; sourceTree = "<group>"; };
		854E7EC31BD75A0800DD2BC4 /* Base */ = {isa = PBXFileReference; lastKnownFileType = file.storyboard; name = Base; path = Base.lproj/Main.storyboard; sourceTree = "<group>"; };
		854E7EC51BD75A0800DD2BC4 /* Assets.xcassets */ = {isa = PBXFileReference; lastKnownFileType = folder.assetcatalog; path = Assets.xcassets; sourceTree = "<group>"; };
		854E7EC81BD75A0800DD2BC4 /* Base */ = {isa = PBXFileReference; lastKnownFileType = file.storyboard; name = Base; path = Base.lproj/LaunchScreen.storyboard; sourceTree = "<group>"; };
		854E7ECA1BD75A0800DD2BC4 /* Info.plist */ = {isa = PBXFileReference; lastKnownFileType = text.plist.xml; path = Info.plist; sourceTree = "<group>"; };
/* End PBXFileReference section */

/* Begin PBXFrameworksBuildPhase section */
		854E7EB81BD75A0800DD2BC4 /* Frameworks */ = {
			isa = PBXFrameworksBuildPhase;
			buildActionMask = 2147483647;
			files = (
			);
			runOnlyForDeploymentPostprocessing = 0;
		};
/* End PBXFrameworksBuildPhase section */

/* Begin PBXGroup section */
		854E7EB21BD75A0800DD2BC4 = {
			isa = PBXGroup;
			children = (
				854E7EBD1BD75A0800DD2BC4 /* SimpleCalc-iOSVersion */,
				854E7EBC1BD75A0800DD2BC4 /* Products */,
			);
			sourceTree = "<group>";
		};
		854E7EBC1BD75A0800DD2BC4 /* Products */ = {
			isa = PBXGroup;
			children = (
				854E7EBB1BD75A0800DD2BC4 /* SimpleCalc-iOSVersion.app */,
			);
			name = Products;
			sourceTree = "<group>";
		};
		854E7EBD1BD75A0800DD2BC4 /* SimpleCalc-iOSVersion */ = {
			isa = PBXGroup;
			children = (
				854E7EBE1BD75A0800DD2BC4 /* AppDelegate.swift */,
				854E7EC01BD75A0800DD2BC4 /* ViewController.swift */,
				854E7EC21BD75A0800DD2BC4 /* Main.storyboard */,
				854E7EC51BD75A0800DD2BC4 /* Assets.xcassets */,
				854E7EC71BD75A0800DD2BC4 /* LaunchScreen.storyboard */,
				854E7ECA1BD75A0800DD2BC4 /* Info.plist */,
			);
			path = "SimpleCalc-iOSVersion";
			sourceTree = "<group>";
		};
/* End PBXGroup section */

/* Begin PBXNativeTarget section */
		854E7EBA1BD75A0800DD2BC4 /* SimpleCalc-iOSVersion */ = {
			isa = PBXNativeTarget;
			buildConfigurationList = 854E7ECD1BD75A0800DD2BC4 /* Build configuration list for PBXNativeTarget "SimpleCalc-iOSVersion" */;
			buildPhases = (
				854E7EB71BD75A0800DD2BC4 /* Sources */,
				854E7EB81BD75A0800DD2BC4 /* Frameworks */,
				854E7EB91BD75A0800DD2BC4 /* Resources */,
			);
			buildRules = (
			);
			dependencies = (
			);
			name = "SimpleCalc-iOSVersion";
			productName = "SimpleCalc-iOSVersion";
			productReference = 854E7EBB1BD75A0800DD2BC4 /* SimpleCalc-iOSVersion.app */;
			productType = "com.apple.product-type.application";
		};
/* End PBXNativeTarget section */

/* Begin PBXProject section */
		854E7EB31BD75A0800DD2BC4 /* Project object */ = {
			isa = PBXProject;
			attributes = {
				LastUpgradeCheck = 0700;
				ORGANIZATIONNAME = "Sabrina Weschler";
				TargetAttributes = {
					854E7EBA1BD75A0800DD2BC4 = {
						CreatedOnToolsVersion = 7.0.1;
					};
				};
			};
			buildConfigurationList = 854E7EB61BD75A0800DD2BC4 /* Build configuration list for PBXProject "SimpleCalc-iOSVersion" */;
			compatibilityVersion = "Xcode 3.2";
			developmentRegion = English;
			hasScannedForEncodings = 0;
			knownRegions = (
				en,
				Base,
			);
			mainGroup = 854E7EB21BD75A0800DD2BC4;
			productRefGroup = 854E7EBC1BD75A0800DD2BC4 /* Products */;
			projectDirPath = "";
			projectRoot = "";
			targets = (
				854E7EBA1BD75A0800DD2BC4 /* SimpleCalc-iOSVersion */,
			);
		};
/* End PBXProject section */

/* Begin PBXResourcesBuildPhase section */
		854E7EB91BD75A0800DD2BC4 /* Resources */ = {
			isa = PBXResourcesBuildPhase;
			buildActionMask = 2147483647;
			files = (
				854E7EC91BD75A0800DD2BC4 /* LaunchScreen.storyboard in Resources */,
				854E7EC61BD75A0800DD2BC4 /* Assets.xcassets in Resources */,
				854E7EC41BD75A0800DD2BC4 /* Main.storyboard in Resources */,
			);
			runOnlyForDeploymentPostprocessing = 0;
		};
/* End PBXResourcesBuildPhase section */

/* Begin PBXSourcesBuildPhase section */
		854E7EB71BD75A0800DD2BC4 /* Sources */ = {
			isa = PBXSourcesBuildPhase;
			buildActionMask = 2147483647;
			files = (
				854E7EC11BD75A0800DD2BC4 /* ViewController.swift in Sources */,
				854E7EBF1BD75A0800DD2BC4 /* AppDelegate.swift in Sources */,
			);
			runOnlyForDeploymentPostprocessing = 0;
		};
/* End PBXSourcesBuildPhase section */

/* Begin PBXVariantGroup section */
		854E7EC21BD75A0800DD2BC4 /* Main.storyboard */ = {
			isa = PBXVariantGroup;
			children = (
				854E7EC31BD75A0800DD2BC4 /* Base */,
			);
			name = Main.storyboard;
			sourceTree = "<group>";
		};
		854E7EC71BD75A0800DD2BC4 /* LaunchScreen.storyboard */ = {
			isa = PBXVariantGroup;
			children = (
				854E7EC81BD75A0800DD2BC4 /* Base */,
			);
			name = LaunchScreen.storyboard;
			sourceTree = "<group>";
		};
/* End PBXVariantGroup section */

/* Begin XCBuildConfiguration section */
		854E7ECB1BD75A0800DD2BC4 /* Debug */ = {
			isa = XCBuildConfiguration;
			buildSettings = {
				ALWAYS_SEARCH_USER_PATHS = NO;
				CLANG_CXX_LANGUAGE_STANDARD = "gnu++0x";
				CLANG_CXX_LIBRARY = "libc++";
				CLANG_ENABLE_MODULES = YES;
				CLANG_ENABLE_OBJC_ARC = YES;
				CLANG_WARN_BOOL_CONVERSION = YES;
				CLANG_WARN_CONSTANT_CONVERSION = YES;
				CLANG_WARN_DIRECT_OBJC_ISA_USAGE = YES_ERROR;
				CLANG_WARN_EMPTY_BODY = YES;
				CLANG_WARN_ENUM_CONVERSION = YES;
				CLANG_WARN_INT_CONVERSION = YES;
				CLANG_WARN_OBJC_ROOT_CLASS = YES_ERROR;
				CLANG_WARN_UNREACHABLE_CODE = YES;
				CLANG_WARN__DUPLICATE_METHOD_MATCH = YES;
				"CODE_SIGN_IDENTITY[sdk=iphoneos*]" = "iPhone Developer";
				COPY_PHASE_STRIP = NO;
				DEBUG_INFORMATION_FORMAT = dwarf;
				ENABLE_STRICT_OBJC_MSGSEND = YES;
				ENABLE_TESTABILITY = YES;
				GCC_C_LANGUAGE_STANDARD = gnu99;
				GCC_DYNAMIC_NO_PIC = NO;
				GCC_NO_COMMON_BLOCKS = YES;
				GCC_OPTIMIZATION_LEVEL = 0;
				GCC_PREPROCESSOR_DEFINITIONS = (
					"DEBUG=1",
					"$(inherited)",
				);
				GCC_WARN_64_TO_32_BIT_CONVERSION = YES;
				GCC_WARN_ABOUT_RETURN_TYPE = YES_ERROR;
				GCC_WARN_UNDECLARED_SELECTOR = YES;
				GCC_WARN_UNINITIALIZED_AUTOS = YES_AGGRESSIVE;
				GCC_WARN_UNUSED_FUNCTION = YES;
				GCC_WARN_UNUSED_VARIABLE = YES;
				IPHONEOS_DEPLOYMENT_TARGET = 9.0;
				MTL_ENABLE_DEBUG_INFO = YES;
				ONLY_ACTIVE_ARCH = YES;
				SDKROOT = iphoneos;
				SWIFT_OPTIMIZATION_LEVEL = "-Onone";
			};
			name = Debug;
		};
		854E7ECC1BD75A0800DD2BC4 /* Release */ = {
			isa = XCBuildConfiguration;
			buildSettings = {
				ALWAYS_SEARCH_USER_PATHS = NO;
				CLANG_CXX_LANGUAGE_STANDARD = "gnu++0x";
				CLANG_CXX_LIBRARY = "libc++";
				CLANG_ENABLE_MODULES = YES;
				CLANG_ENABLE_OBJC_ARC = YES;
				CLANG_WARN_BOOL_CONVERSION = YES;
				CLANG_WARN_CONSTANT_CONVERSION = YES;
				CLANG_WARN_DIRECT_OBJC_ISA_USAGE = YES_ERROR;
				CLANG_WARN_EMPTY_BODY = YES;
				CLANG_WARN_ENUM_CONVERSION = YES;
				CLANG_WARN_INT_CONVERSION = YES;
				CLANG_WARN_OBJC_ROOT_CLASS = YES_ERROR;
				CLANG_WARN_UNREACHABLE_CODE = YES;
				CLANG_WARN__DUPLICATE_METHOD_MATCH = YES;
				"CODE_SIGN_IDENTITY[sdk=iphoneos*]" = "iPhone Developer";
				COPY_PHASE_STRIP = NO;
				DEBUG_INFORMATION_FORMAT = "dwarf-with-dsym";
				ENABLE_NS_ASSERTIONS = NO;
				ENABLE_STRICT_OBJC_MSGSEND = YES;
				GCC_C_LANGUAGE_STANDARD = gnu99;
				GCC_NO_COMMON_BLOCKS = YES;
				GCC_WARN_64_TO_32_BIT_CONVERSION = YES;
				GCC_WARN_ABOUT_RETURN_TYPE = YES_ERROR;
				GCC_WARN_UNDECLARED_SELECTOR = YES;
				GCC_WARN_UNINITIALIZED_AUTOS = YES_AGGRESSIVE;
				GCC_WARN_UNUSED_FUNCTION = YES;
				GCC_WARN_UNUSED_VARIABLE = YES;
				IPHONEOS_DEPLOYMENT_TARGET = 9.0;
				MTL_ENABLE_DEBUG_INFO = NO;
				SDKROOT = iphoneos;
				VALIDATE_PRODUCT = YES;
			};
			name = Release;
		};
		854E7ECE1BD75A0800DD2BC4 /* Debug */ = {
			isa = XCBuildConfiguration;
			buildSettings = {
				ASSETCATALOG_COMPILER_APPICON_NAME = AppIcon;
				INFOPLIST_FILE = "SimpleCalc-iOSVersion/Info.plist";
				LD_RUNPATH_SEARCH_PATHS = "$(inherited) @executable_path/Frameworks";
				PRODUCT_BUNDLE_IDENTIFIER = "edu.uw.weschler.SimpleCalc-iOSVersion";
				PRODUCT_NAME = "$(TARGET_NAME)";
			};
			name = Debug;
		};
		854E7ECF1BD75A0800DD2BC4 /* Release */ = {
			isa = XCBuildConfiguration;
			buildSettings = {
				ASSETCATALOG_COMPILER_APPICON_NAME = AppIcon;
				INFOPLIST_FILE = "SimpleCalc-iOSVersion/Info.plist";
				LD_RUNPATH_SEARCH_PATHS = "$(inherited) @executable_path/Frameworks";
				PRODUCT_BUNDLE_IDENTIFIER = "edu.uw.weschler.SimpleCalc-iOSVersion";
				PRODUCT_NAME = "$(TARGET_NAME)";
			};
			name = Release;
		};
/* End XCBuildConfiguration section */

/* Begin XCConfigurationList section */
		854E7EB61BD75A0800DD2BC4 /* Build configuration list for PBXProject "SimpleCalc-iOSVersion" */ = {
			isa = XCConfigurationList;
			buildConfigurations = (
				854E7ECB1BD75A0800DD2BC4 /* Debug */,
				854E7ECC1BD75A0800DD2BC4 /* Release */,
			);
			defaultConfigurationIsVisible = 0;
			defaultConfigurationName = Release;
		};
		854E7ECD1BD75A0800DD2BC4 /* Build configuration list for PBXNativeTarget "SimpleCalc-iOSVersion" */ = {
			isa = XCConfigurationList;
			buildConfigurations = (
				854E7ECE1BD75A0800DD2BC4 /* Debug */,
				854E7ECF1BD75A0800DD2BC4 /* Release */,
			);
			defaultConfigurationIsVisible = 0;
		};
/* End XCConfigurationList section */
	};
	rootObject = 854E7EB31BD75A0800DD2BC4 /* Project object */;
}
